
Microsoft Visual Studio Solution File, Format Version 12.00
# Visual Studio 15
VisualStudioVersion = 15.0.26014.0
MinimumVisualStudioVersion = 10.0.40219.1
Project("{FAE04EC0-301F-11D3-BF4B-00C04F79EFBC}") = "DomainManager", "DomainManager\DomainManager.csproj", "{9A1F3EAD-5922-4085-962A-E2577BFDE4AD}"
EndProject
Project("{8BC9CEB8-8B4A-11D0-8D11-00A0C91BC942}") = "Loader", "Loader\Loader.vcxproj", "{177D825B-BC7F-439B-B1D4-BD21A3E8F2DB}"
EndProject
Project("{FAE04EC0-301F-11D3-BF4B-00C04F79EFBC}") = "ZzukBot", "ThadHack\ZzukBot.csproj", "{8A82B3FA-AE80-471C-BA85-D0F12BC67C8D}"
	ProjectSection(ProjectDependencies) = postProject
		{177D825B-BC7F-439B-B1D4-BD21A3E8F2DB} = {177D825B-BC7F-439B-B1D4-BD21A3E8F2DB}
		{98FD459A-74DA-40C8-84D8-85B801CBD6DC} = {98FD459A-74DA-40C8-84D8-85B801CBD6DC}
		{9A1F3EAD-5922-4085-962A-E2577BFDE4AD} = {9A1F3EAD-5922-4085-962A-E2577BFDE4AD}
		{8E623BB1-1B7B-4F8E-A051-72F53A9AB620} = {8E623BB1-1B7B-4F8E-A051-72F53A9AB620}
		{3061C2ED-494E-45E0-8C80-9E09684E6DA1} = {3061C2ED-494E-45E0-8C80-9E09684E6DA1}
	EndProjectSection
EndProject
Project("{8BC9CEB8-8B4A-11D0-8D11-00A0C91BC942}") = "FastCallDll", "FastCallDll\FastCallDll.vcxproj", "{98FD459A-74DA-40C8-84D8-85B801CBD6DC}"
EndProject
Project("{2150E333-8FDC-42A3-9474-1A3956D46DE8}") = "Pathfinder", "Pathfinder", "{8E9ACD1B-9F12-49A1-A381-79ED7509DB22}"
EndProject
Project("{8BC9CEB8-8B4A-11D0-8D11-00A0C91BC942}") = "recast", "C++_Lumpy_Navigation\VC120\recast.vcxproj", "{467226FB-7838-43FF-8ECA-199FAEA760D6}"
EndProject
Project("{8BC9CEB8-8B4A-11D0-8D11-00A0C91BC942}") = "detour", "C++_Lumpy_Navigation\VC120\detour.vcxproj", "{3FECACB6-BD35-4857-BF55-A56B5E6C6D77}"
EndProject
Project("{8BC9CEB8-8B4A-11D0-8D11-00A0C91BC942}") = "Navigation", "C++_Lumpy_Navigation\VC120\Navigation.vcxproj", "{8E623BB1-1B7B-4F8E-A051-72F53A9AB620}"
	ProjectSection(ProjectDependencies) = postProject
		{467226FB-7838-43FF-8ECA-199FAEA760D6} = {467226FB-7838-43FF-8ECA-199FAEA760D6}
	EndProjectSection
EndProject
Project("{2150E333-8FDC-42A3-9474-1A3956D46DE8}") = "NetInject", "NetInject", "{9B67F33F-6EBF-4404-B4B6-CC3A4AE27E4F}"
EndProject
Project("{FAE04EC0-301F-11D3-BF4B-00C04F79EFBC}") = "Updater", "Updater\Updater.csproj", "{3061C2ED-494E-45E0-8C80-9E09684E6DA1}"
EndProject
Global
	GlobalSection(SolutionConfigurationPlatforms) = preSolution
		Debug|Any CPU = Debug|Any CPU
		Debug|Mixed Platforms = Debug|Mixed Platforms
		Debug|Win32 = Debug|Win32
		Debug|x86 = Debug|x86
		Release|Any CPU = Release|Any CPU
		Release|Mixed Platforms = Release|Mixed Platforms
		Release|Win32 = Release|Win32
		Release|x86 = Release|x86
	EndGlobalSection
	GlobalSection(ProjectConfigurationPlatforms) = postSolution
		{9A1F3EAD-5922-4085-962A-E2577BFDE4AD}.Debug|Any CPU.ActiveCfg = Debug|Any CPU
		{9A1F3EAD-5922-4085-962A-E2577BFDE4AD}.Debug|Any CPU.Build.0 = Debug|Any CPU
		{9A1F3EAD-5922-4085-962A-E2577BFDE4AD}.Debug|Mixed Platforms.ActiveCfg = Debug|Any CPU
		{9A1F3EAD-5922-4085-962A-E2577BFDE4AD}.Debug|Mixed Platforms.Build.0 = Debug|Any CPU
		{9A1F3EAD-5922-4085-962A-E2577BFDE4AD}.Debug|Win32.ActiveCfg = Debug|Any CPU
		{9A1F3EAD-5922-4085-962A-E2577BFDE4AD}.Debug|Win32.Build.0 = Debug|Any CPU
		{9A1F3EAD-5922-4085-962A-E2577BFDE4AD}.Debug|x86.ActiveCfg = Debug|Any CPU
		{9A1F3EAD-5922-4085-962A-E2577BFDE4AD}.Debug|x86.Build.0 = Debug|Any CPU
		{9A1F3EAD-5922-4085-962A-E2577BFDE4AD}.Release|Any CPU.ActiveCfg = Release|Any CPU
		{9A1F3EAD-5922-4085-962A-E2577BFDE4AD}.Release|Any CPU.Build.0 = Release|Any CPU
		{9A1F3EAD-5922-4085-962A-E2577BFDE4AD}.Release|Mixed Platforms.ActiveCfg = Release|Any CPU
		{9A1F3EAD-5922-4085-962A-E2577BFDE4AD}.Release|Mixed Platforms.Build.0 = Release|Any CPU
		{9A1F3EAD-5922-4085-962A-E2577BFDE4AD}.Release|Win32.ActiveCfg = Release|Any CPU
		{9A1F3EAD-5922-4085-962A-E2577BFDE4AD}.Release|x86.ActiveCfg = Release|Any CPU
		{177D825B-BC7F-439B-B1D4-BD21A3E8F2DB}.Debug|Any CPU.ActiveCfg = Debug|Win32
		{177D825B-BC7F-439B-B1D4-BD21A3E8F2DB}.Debug|Any CPU.Build.0 = Debug|Win32
		{177D825B-BC7F-439B-B1D4-BD21A3E8F2DB}.Debug|Mixed Platforms.ActiveCfg = Debug|Win32
		{177D825B-BC7F-439B-B1D4-BD21A3E8F2DB}.Debug|Mixed Platforms.Build.0 = Debug|Win32
		{177D825B-BC7F-439B-B1D4-BD21A3E8F2DB}.Debug|Win32.ActiveCfg = Debug|Win32
		{177D825B-BC7F-439B-B1D4-BD21A3E8F2DB}.Debug|Win32.Build.0 = Debug|Win32
		{177D825B-BC7F-439B-B1D4-BD21A3E8F2DB}.Debug|x86.ActiveCfg = Debug|Win32
		{177D825B-BC7F-439B-B1D4-BD21A3E8F2DB}.Debug|x86.Build.0 = Debug|Win32
		{177D825B-BC7F-439B-B1D4-BD21A3E8F2DB}.Release|Any CPU.ActiveCfg = Release|Win32
		{177D825B-BC7F-439B-B1D4-BD21A3E8F2DB}.Release|Any CPU.Build.0 = Release|Win32
		{177D825B-BC7F-439B-B1D4-BD21A3E8F2DB}.Release|Mixed Platforms.ActiveCfg = Release|Win32
		{177D825B-BC7F-439B-B1D4-BD21A3E8F2DB}.Release|Mixed Platforms.Build.0 = Release|Win32
		{177D825B-BC7F-439B-B1D4-BD21A3E8F2DB}.Release|Win32.ActiveCfg = Release|Win32
		{177D825B-BC7F-439B-B1D4-BD21A3E8F2DB}.Release|Win32.Build.0 = Release|Win32
		{177D825B-BC7F-439B-B1D4-BD21A3E8F2DB}.Release|x86.ActiveCfg = Release|Win32
		{8A82B3FA-AE80-471C-BA85-D0F12BC67C8D}.Debug|Any CPU.ActiveCfg = Debug|x86
		{8A82B3FA-AE80-471C-BA85-D0F12BC67C8D}.Debug|Any CPU.Build.0 = Debug|x86
		{8A82B3FA-AE80-471C-BA85-D0F12BC67C8D}.Debug|Mixed Platforms.ActiveCfg = Debug|x86
		{8A82B3FA-AE80-471C-BA85-D0F12BC67C8D}.Debug|Mixed Platforms.Build.0 = Debug|x86
		{8A82B3FA-AE80-471C-BA85-D0F12BC67C8D}.Debug|Win32.ActiveCfg = Debug|x86
		{8A82B3FA-AE80-471C-BA85-D0F12BC67C8D}.Debug|Win32.Build.0 = Debug|x86
		{8A82B3FA-AE80-471C-BA85-D0F12BC67C8D}.Debug|x86.ActiveCfg = Debug|x86
		{8A82B3FA-AE80-471C-BA85-D0F12BC67C8D}.Debug|x86.Build.0 = Debug|x86
		{8A82B3FA-AE80-471C-BA85-D0F12BC67C8D}.Release|Any CPU.ActiveCfg = Release|x86
		{8A82B3FA-AE80-471C-BA85-D0F12BC67C8D}.Release|Any CPU.Build.0 = Release|x86
		{8A82B3FA-AE80-471C-BA85-D0F12BC67C8D}.Release|Mixed Platforms.ActiveCfg = Release|x86
		{8A82B3FA-AE80-471C-BA85-D0F12BC67C8D}.Release|Mixed Platforms.Build.0 = Release|x86
		{8A82B3FA-AE80-471C-BA85-D0F12BC67C8D}.Release|Win32.ActiveCfg = Release|x86
		{8A82B3FA-AE80-471C-BA85-D0F12BC67C8D}.Release|x86.ActiveCfg = Release|x86
		{8A82B3FA-AE80-471C-BA85-D0F12BC67C8D}.Release|x86.Build.0 = Release|x86
		{98FD459A-74DA-40C8-84D8-85B801CBD6DC}.Debug|Any CPU.ActiveCfg = Debug|Win32
		{98FD459A-74DA-40C8-84D8-85B801CBD6DC}.Debug|Any CPU.Build.0 = Debug|Win32
		{98FD459A-74DA-40C8-84D8-85B801CBD6DC}.Debug|Mixed Platforms.ActiveCfg = Debug|Win32
		{98FD459A-74DA-40C8-84D8-85B801CBD6DC}.Debug|Mixed Platforms.Build.0 = Debug|Win32
		{98FD459A-74DA-40C8-84D8-85B801CBD6DC}.Debug|Win32.ActiveCfg = Debug|Win32
		{98FD459A-74DA-40C8-84D8-85B801CBD6DC}.Debug|Win32.Build.0 = Debug|Win32
		{98FD459A-74DA-40C8-84D8-85B801CBD6DC}.Debug|x86.ActiveCfg = Debug|Win32
		{98FD459A-74DA-40C8-84D8-85B801CBD6DC}.Debug|x86.Build.0 = Debug|Win32
		{98FD459A-74DA-40C8-84D8-85B801CBD6DC}.Release|Any CPU.ActiveCfg = Release|Win32
		{98FD459A-74DA-40C8-84D8-85B801CBD6DC}.Release|Any CPU.Build.0 = Release|Win32
		{98FD459A-74DA-40C8-84D8-85B801CBD6DC}.Release|Mixed Platforms.ActiveCfg = Release|Win32
		{98FD459A-74DA-40C8-84D8-85B801CBD6DC}.Release|Mixed Platforms.Build.0 = Release|Win32
		{98FD459A-74DA-40C8-84D8-85B801CBD6DC}.Release|Win32.ActiveCfg = Release|Win32
		{98FD459A-74DA-40C8-84D8-85B801CBD6DC}.Release|Win32.Build.0 = Release|Win32
		{98FD459A-74DA-40C8-84D8-85B801CBD6DC}.Release|x86.ActiveCfg = Release|Win32
		{98FD459A-74DA-40C8-84D8-85B801CBD6DC}.Release|x86.Build.0 = Release|Win32
		{467226FB-7838-43FF-8ECA-199FAEA760D6}.Debug|Any CPU.ActiveCfg = Debug|Win32
		{467226FB-7838-43FF-8ECA-199FAEA760D6}.Debug|Any CPU.Build.0 = Debug|Win32
		{467226FB-7838-43FF-8ECA-199FAEA760D6}.Debug|Mixed Platforms.ActiveCfg = Release|Win32
		{467226FB-7838-43FF-8ECA-199FAEA760D6}.Debug|Mixed Platforms.Build.0 = Release|Win32
		{467226FB-7838-43FF-8ECA-199FAEA760D6}.Debug|Win32.ActiveCfg = Debug|Win32
		{467226FB-7838-43FF-8ECA-199FAEA760D6}.Debug|Win32.Build.0 = Debug|Win32
		{467226FB-7838-43FF-8ECA-199FAEA760D6}.Debug|x86.ActiveCfg = Debug|Win32
		{467226FB-7838-43FF-8ECA-199FAEA760D6}.Debug|x86.Build.0 = Debug|Win32
		{467226FB-7838-43FF-8ECA-199FAEA760D6}.Release|Any CPU.ActiveCfg = Release|Win32
		{467226FB-7838-43FF-8ECA-199FAEA760D6}.Release|Any CPU.Build.0 = Release|Win32
		{467226FB-7838-43FF-8ECA-199FAEA760D6}.Release|Mixed Platforms.ActiveCfg = Release|Win32
		{467226FB-7838-43FF-8ECA-199FAEA760D6}.Release|Mixed Platforms.Build.0 = Release|Win32
		{467226FB-7838-43FF-8ECA-199FAEA760D6}.Release|Win32.ActiveCfg = Release|Win32
		{467226FB-7838-43FF-8ECA-199FAEA760D6}.Release|Win32.Build.0 = Release|Win32
		{467226FB-7838-43FF-8ECA-199FAEA760D6}.Release|x86.ActiveCfg = Release|Win32
		{467226FB-7838-43FF-8ECA-199FAEA760D6}.Release|x86.Build.0 = Release|Win32
		{3FECACB6-BD35-4857-BF55-A56B5E6C6D77}.Debug|Any CPU.ActiveCfg = Debug|Win32
		{3FECACB6-BD35-4857-BF55-A56B5E6C6D77}.Debug|Any CPU.Build.0 = Debug|Win32
		{3FECACB6-BD35-4857-BF55-A56B5E6C6D77}.Debug|Mixed Platforms.ActiveCfg = Release|Win32
		{3FECACB6-BD35-4857-BF55-A56B5E6C6D77}.Debug|Mixed Platforms.Build.0 = Release|Win32
		{3FECACB6-BD35-4857-BF55-A56B5E6C6D77}.Debug|Win32.ActiveCfg = Debug|Win32
		{3FECACB6-BD35-4857-BF55-A56B5E6C6D77}.Debug|Win32.Build.0 = Debug|Win32
		{3FECACB6-BD35-4857-BF55-A56B5E6C6D77}.Debug|x86.ActiveCfg = Debug|Win32
		{3FECACB6-BD35-4857-BF55-A56B5E6C6D77}.Debug|x86.Build.0 = Debug|Win32
		{3FECACB6-BD35-4857-BF55-A56B5E6C6D77}.Release|Any CPU.ActiveCfg = Release|Win32
		{3FECACB6-BD35-4857-BF55-A56B5E6C6D77}.Release|Any CPU.Build.0 = Release|Win32
		{3FECACB6-BD35-4857-BF55-A56B5E6C6D77}.Release|Mixed Platforms.ActiveCfg = Release|Win32
		{3FECACB6-BD35-4857-BF55-A56B5E6C6D77}.Release|Mixed Platforms.Build.0 = Release|Win32
		{3FECACB6-BD35-4857-BF55-A56B5E6C6D77}.Release|Win32.ActiveCfg = Release|Win32
		{3FECACB6-BD35-4857-BF55-A56B5E6C6D77}.Release|Win32.Build.0 = Release|Win32
		{3FECACB6-BD35-4857-BF55-A56B5E6C6D77}.Release|x86.ActiveCfg = Release|Win32
		{3FECACB6-BD35-4857-BF55-A56B5E6C6D77}.Release|x86.Build.0 = Release|Win32
		{8E623BB1-1B7B-4F8E-A051-72F53A9AB620}.Debug|Any CPU.ActiveCfg = Debug|Win32
		{8E623BB1-1B7B-4F8E-A051-72F53A9AB620}.Debug|Any CPU.Build.0 = Debug|Win32
		{8E623BB1-1B7B-4F8E-A051-72F53A9AB620}.Debug|Mixed Platforms.ActiveCfg = Debug|Win32
		{8E623BB1-1B7B-4F8E-A051-72F53A9AB620}.Debug|Mixed Platforms.Build.0 = Debug|Win32
		{8E623BB1-1B7B-4F8E-A051-72F53A9AB620}.Debug|Win32.ActiveCfg = Debug|Win32
		{8E623BB1-1B7B-4F8E-A051-72F53A9AB620}.Debug|Win32.Build.0 = Debug|Win32
		{8E623BB1-1B7B-4F8E-A051-72F53A9AB620}.Debug|x86.ActiveCfg = Debug|Win32
		{8E623BB1-1B7B-4F8E-A051-72F53A9AB620}.Debug|x86.Build.0 = Debug|Win32
		{8E623BB1-1B7B-4F8E-A051-72F53A9AB620}.Release|Any CPU.ActiveCfg = Release|Win32
		{8E623BB1-1B7B-4F8E-A051-72F53A9AB620}.Release|Any CPU.Build.0 = Release|Win32
		{8E623BB1-1B7B-4F8E-A051-72F53A9AB620}.Release|Mixed Platforms.ActiveCfg = Release|Win32
		{8E623BB1-1B7B-4F8E-A051-72F53A9AB620}.Release|Mixed Platforms.Build.0 = Release|Win32
		{8E623BB1-1B7B-4F8E-A051-72F53A9AB620}.Release|Win32.ActiveCfg = Release|Win32
		{8E623BB1-1B7B-4F8E-A051-72F53A9AB620}.Release|Win32.Build.0 = Release|Win32
		{8E623BB1-1B7B-4F8E-A051-72F53A9AB620}.Release|x86.ActiveCfg = Release|Win32
		{8E623BB1-1B7B-4F8E-A051-72F53A9AB620}.Release|x86.Build.0 = Release|Win32
		{3061C2ED-494E-45E0-8C80-9E09684E6DA1}.Debug|Any CPU.ActiveCfg = Debug|Any CPU
		{3061C2ED-494E-45E0-8C80-9E09684E6DA1}.Debug|Any CPU.Build.0 = Debug|Any CPU
		{3061C2ED-494E-45E0-8C80-9E09684E6DA1}.Debug|Mixed Platforms.ActiveCfg = Debug|Any CPU
		{3061C2ED-494E-45E0-8C80-9E09684E6DA1}.Debug|Mixed Platforms.Build.0 = Debug|Any CPU
		{3061C2ED-494E-45E0-8C80-9E09684E6DA1}.Debug|Win32.ActiveCfg = Debug|Any CPU
		{3061C2ED-494E-45E0-8C80-9E09684E6DA1}.Debug|Win32.Build.0 = Debug|Any CPU
		{3061C2ED-494E-45E0-8C80-9E09684E6DA1}.Debug|x86.ActiveCfg = Debug|Any CPU
		{3061C2ED-494E-45E0-8C80-9E09684E6DA1}.Debug|x86.Build.0 = Debug|Any CPU
		{3061C2ED-494E-45E0-8C80-9E09684E6DA1}.Release|Any CPU.ActiveCfg = Release|Any CPU
		{3061C2ED-494E-45E0-8C80-9E09684E6DA1}.Release|Any CPU.Build.0 = Release|Any CPU
		{3061C2ED-494E-45E0-8C80-9E09684E6DA1}.Release|Mixed Platforms.ActiveCfg = Release|Any CPU
		{3061C2ED-494E-45E0-8C80-9E09684E6DA1}.Release|Mixed Platforms.Build.0 = Release|Any CPU
		{3061C2ED-494E-45E0-8C80-9E09684E6DA1}.Release|Win32.ActiveCfg = Release|Any CPU
		{3061C2ED-494E-45E0-8C80-9E09684E6DA1}.Release|Win32.Build.0 = Release|Any CPU
		{3061C2ED-494E-45E0-8C80-9E09684E6DA1}.Release|x86.ActiveCfg = Release|Any CPU
		{3061C2ED-494E-45E0-8C80-9E09684E6DA1}.Release|x86.Build.0 = Release|Any CPU
	EndGlobalSection
	GlobalSection(SolutionProperties) = preSolution
		HideSolutionNode = FALSE
	EndGlobalSection
	GlobalSection(NestedProjects) = preSolution
		{9A1F3EAD-5922-4085-962A-E2577BFDE4AD} = {9B67F33F-6EBF-4404-B4B6-CC3A4AE27E4F}
		{177D825B-BC7F-439B-B1D4-BD21A3E8F2DB} = {9B67F33F-6EBF-4404-B4B6-CC3A4AE27E4F}
		{467226FB-7838-43FF-8ECA-199FAEA760D6} = {8E9ACD1B-9F12-49A1-A381-79ED7509DB22}
		{3FECACB6-BD35-4857-BF55-A56B5E6C6D77} = {8E9ACD1B-9F12-49A1-A381-79ED7509DB22}
		{8E623BB1-1B7B-4F8E-A051-72F53A9AB620} = {8E9ACD1B-9F12-49A1-A381-79ED7509DB22}
	EndGlobalSection
EndGlobal
